
Microsoft Visual Studio Solution File, Format Version 12.00
# Visual Studio Version 16
VisualStudioVersion = 16.0.31129.286
MinimumVisualStudioVersion = 10.0.40219.1
Project("{FAE04EC0-301F-11D3-BF4B-00C04F79EFBC}") = "LiveExercises.Android", "LiveExercises\LiveExercises.Android\LiveExercises.Android.csproj", "{364D65C0-460F-416F-9ED3-53BBE96F2EE2}"
EndProject
Project("{FAE04EC0-301F-11D3-BF4B-00C04F79EFBC}") = "LiveExercises.iOS", "LiveExercises\LiveExercises.iOS\LiveExercises.iOS.csproj", "{BEC28C2B-C775-44A5-9941-C973EC57C8ED}"
EndProject
Project("{FAE04EC0-301F-11D3-BF4B-00C04F79EFBC}") = "LiveExercises", "LiveExercises\LiveExercises\LiveExercises.csproj", "{BD294F96-ED54-4DC8-8A14-060322D188E8}"
EndProject
Global
	GlobalSection(SolutionConfigurationPlatforms) = preSolution
		Debug|Any CPU = Debug|Any CPU
		Debug|iPhone = Debug|iPhone
		Debug|iPhoneSimulator = Debug|iPhoneSimulator
		Release|Any CPU = Release|Any CPU
		Release|iPhone = Release|iPhone
		Release|iPhoneSimulator = Release|iPhoneSimulator
	EndGlobalSection
	GlobalSection(ProjectConfigurationPlatforms) = postSolution
		{364D65C0-460F-416F-9ED3-53BBE96F2EE2}.Debug|Any CPU.ActiveCfg = Debug|Any CPU
		{364D65C0-460F-416F-9ED3-53BBE96F2EE2}.Debug|Any CPU.Build.0 = Debug|Any CPU
		{364D65C0-460F-416F-9ED3-53BBE96F2EE2}.Debug|Any CPU.Deploy.0 = Debug|Any CPU
		{364D65C0-460F-416F-9ED3-53BBE96F2EE2}.Debug|iPhone.ActiveCfg = Debug|Any CPU
		{364D65C0-460F-416F-9ED3-53BBE96F2EE2}.Debug|iPhone.Build.0 = Debug|Any CPU
		{364D65C0-460F-416F-9ED3-53BBE96F2EE2}.Debug|iPhone.Deploy.0 = Debug|Any CPU
		{364D65C0-460F-416F-9ED3-53BBE96F2EE2}.Debug|iPhoneSimulator.ActiveCfg = Debug|Any CPU
		{364D65C0-460F-416F-9ED3-53BBE96F2EE2}.Debug|iPhoneSimulator.Build.0 = Debug|Any CPU
		{364D65C0-460F-416F-9ED3-53BBE96F2EE2}.Debug|iPhoneSimulator.Deploy.0 = Debug|Any CPU
		{364D65C0-460F-416F-9ED3-53BBE96F2EE2}.Release|Any CPU.ActiveCfg = Release|Any CPU
		{364D65C0-460F-416F-9ED3-53BBE96F2EE2}.Release|Any CPU.Build.0 = Release|Any CPU
		{364D65C0-460F-416F-9ED3-53BBE96F2EE2}.Release|Any CPU.Deploy.0 = Release|Any CPU
		{364D65C0-460F-416F-9ED3-53BBE96F2EE2}.Release|iPhone.ActiveCfg = Release|Any CPU
		{364D65C0-460F-416F-9ED3-53BBE96F2EE2}.Release|iPhone.Build.0 = Release|Any CPU
		{364D65C0-460F-416F-9ED3-53BBE96F2EE2}.Release|iPhone.Deploy.0 = Release|Any CPU
		{364D65C0-460F-416F-9ED3-53BBE96F2EE2}.Release|iPhoneSimulator.ActiveCfg = Release|Any CPU
		{364D65C0-460F-416F-9ED3-53BBE96F2EE2}.Release|iPhoneSimulator.Build.0 = Release|Any CPU
		{364D65C0-460F-416F-9ED3-53BBE96F2EE2}.Release|iPhoneSimulator.Deploy.0 = Release|Any CPU
		{BEC28C2B-C775-44A5-9941-C973EC57C8ED}.Debug|Any CPU.ActiveCfg = Debug|iPhone
		{BEC28C2B-C775-44A5-9941-C973EC57C8ED}.Debug|Any CPU.Build.0 = Debug|iPhone
		{BEC28C2B-C775-44A5-9941-C973EC57C8ED}.Debug|Any CPU.Deploy.0 = Debug|iPhone
		{BEC28C2B-C775-44A5-9941-C973EC57C8ED}.Debug|iPhone.ActiveCfg = Debug|iPhone
		{BEC28C2B-C775-44A5-9941-C973EC57C8ED}.Debug|iPhone.Build.0 = Debug|iPhone
		{BEC28C2B-C775-44A5-9941-C973EC57C8ED}.Debug|iPhone.Deploy.0 = Debug|iPhone
		{BEC28C2B-C775-44A5-9941-C973EC57C8ED}.Debug|iPhoneSimulator.ActiveCfg = Debug|iPhoneSimulator
		{BEC28C2B-C775-44A5-9941-C973EC57C8ED}.Debug|iPhoneSimulator.Build.0 = Debug|iPhoneSimulator
		{BEC28C2B-C775-44A5-9941-C973EC57C8ED}.Debug|iPhoneSimulator.Deploy.0 = Debug|iPhoneSimulator
		{BEC28C2B-C775-44A5-9941-C973EC57C8ED}.Release|Any CPU.ActiveCfg = Release|iPhoneSimulator
		{BEC28C2B-C775-44A5-9941-C973EC57C8ED}.Release|Any CPU.Build.0 = Release|iPhoneSimulator
		{BEC28C2B-C775-44A5-9941-C973EC57C8ED}.Release|Any CPU.Deploy.0 = Release|iPhoneSimulator
		{BEC28C2B-C775-44A5-9941-C973EC57C8ED}.Release|iPhone.ActiveCfg = Release|iPhone
		{BEC28C2B-C775-44A5-9941-C973EC57C8ED}.Release|iPhone.Build.0 = Release|iPhone
		{BEC28C2B-C775-44A5-9941-C973EC57C8ED}.Release|iPhone.Deploy.0 = Release|iPhone
		{BEC28C2B-C775-44A5-9941-C973EC57C8ED}.Release|iPhoneSimulator.ActiveCfg = Release|iPhoneSimulator
		{BEC28C2B-C775-44A5-9941-C973EC57C8ED}.Release|iPhoneSimulator.Build.0 = Release|iPhoneSimulator
		{BEC28C2B-C775-44A5-9941-C973EC57C8ED}.Release|iPhoneSimulator.Deploy.0 = Release|iPhoneSimulator
		{BD294F96-ED54-4DC8-8A14-060322D188E8}.Debug|Any CPU.ActiveCfg = Debug|Any CPU
		{BD294F96-ED54-4DC8-8A14-060322D188E8}.Debug|Any CPU.Build.0 = Debug|Any CPU
		{BD294F96-ED54-4DC8-8A14-060322D188E8}.Debug|Any CPU.Deploy.0 = Debug|Any CPU
		{BD294F96-ED54-4DC8-8A14-060322D188E8}.Debug|iPhone.ActiveCfg = Debug|Any CPU
		{BD294F96-ED54-4DC8-8A14-060322D188E8}.Debug|iPhone.Build.0 = Debug|Any CPU
		{BD294F96-ED54-4DC8-8A14-060322D188E8}.Debug|iPhone.Deploy.0 = Debug|Any CPU
		{BD294F96-ED54-4DC8-8A14-060322D188E8}.Debug|iPhoneSimulator.ActiveCfg = Debug|Any CPU
		{BD294F96-ED54-4DC8-8A14-060322D188E8}.Debug|iPhoneSimulator.Build.0 = Debug|Any CPU
		{BD294F96-ED54-4DC8-8A14-060322D188E8}.Debug|iPhoneSimulator.Deploy.0 = Debug|Any CPU
		{BD294F96-ED54-4DC8-8A14-060322D188E8}.Release|Any CPU.ActiveCfg = Release|Any CPU
		{BD294F96-ED54-4DC8-8A14-060322D188E8}.Release|Any CPU.Build.0 = Release|Any CPU
		{BD294F96-ED54-4DC8-8A14-060322D188E8}.Release|Any CPU.Deploy.0 = Release|Any CPU
		{BD294F96-ED54-4DC8-8A14-060322D188E8}.Release|iPhone.ActiveCfg = Release|Any CPU
		{BD294F96-ED54-4DC8-8A14-060322D188E8}.Release|iPhone.Build.0 = Release|Any CPU
		{BD294F96-ED54-4DC8-8A14-060322D188E8}.Release|iPhone.Deploy.0 = Release|Any CPU
		{BD294F96-ED54-4DC8-8A14-060322D188E8}.Release|iPhoneSimulator.ActiveCfg = Release|Any CPU
		{BD294F96-ED54-4DC8-8A14-060322D188E8}.Release|iPhoneSimulator.Build.0 = Release|Any CPU
		{BD294F96-ED54-4DC8-8A14-060322D188E8}.Release|iPhoneSimulator.Deploy.0 = Release|Any CPU
	EndGlobalSection
	GlobalSection(SolutionProperties) = preSolution
		HideSolutionNode = FALSE
	EndGlobalSection
	GlobalSection(ExtensibilityGlobals) = postSolution
		SolutionGuid = {BBD71E4A-B968-48E6-967D-F8FCEE1FF775}
	EndGlobalSection
EndGlobal
